// !$*UTF8*$!
{
	archiveVersion = 1;
	classes = {
	};
	objectVersion = 77;
	objects = {

/* Begin PBXBuildFile section */
		0E98E9EF2D2E3265006F25EF /* SnapKit in Frameworks */ = {isa = PBXBuildFile; productRef = 0E98E9EE2D2E3265006F25EF /* SnapKit */; };
		0E98E9F22D2E331D006F25EF /* Alamofire in Frameworks */ = {isa = PBXBuildFile; productRef = 0E98E9F12D2E331D006F25EF /* Alamofire */; };
		0E98E9F52D2E336F006F25EF /* Moya in Frameworks */ = {isa = PBXBuildFile; productRef = 0E98E9F42D2E336F006F25EF /* Moya */; };
		0E98EA2D2D2F8AE8006F25EF /* AppDelegate.swift in Sources */ = {isa = PBXBuildFile; fileRef = 0E98EA272D2F8AE8006F25EF /* AppDelegate.swift */; };
		0E98EA2E2D2F8AE8006F25EF /* SceneDelegate.swift in Sources */ = {isa = PBXBuildFile; fileRef = 0E98EA2A2D2F8AE8006F25EF /* SceneDelegate.swift */; };
		0E98EA302D2F8AE8006F25EF /* Assets.xcassets in Resources */ = {isa = PBXBuildFile; fileRef = 0E98EA282D2F8AE8006F25EF /* Assets.xcassets */; };
		0E98EA472D2F9F77006F25EF /* Then in Frameworks */ = {isa = PBXBuildFile; productRef = 0E98EA462D2F9F77006F25EF /* Then */; };
		0E98EB802D38E554006F25EF /* KakaoMapsSDK-SPM in Frameworks */ = {isa = PBXBuildFile; productRef = 0E98EB7F2D38E554006F25EF /* KakaoMapsSDK-SPM */; };
		0E98EB882D3A274B006F25EF /* GmarketSansTTFMedium.ttf in Resources */ = {isa = PBXBuildFile; fileRef = 0E98EB872D3A274B006F25EF /* GmarketSansTTFMedium.ttf */; };
		0E98EB892D3A274B006F25EF /* GmarketSansTTFBold.ttf in Resources */ = {isa = PBXBuildFile; fileRef = 0E98EB852D3A274B006F25EF /* GmarketSansTTFBold.ttf */; };
		0E98EB8A2D3A274B006F25EF /* GmarketSansTTFLight.ttf in Resources */ = {isa = PBXBuildFile; fileRef = 0E98EB862D3A274B006F25EF /* GmarketSansTTFLight.ttf */; };
		0E98EC942D3BD206006F25EF /* NotoSansKR-Medium.ttf in Resources */ = {isa = PBXBuildFile; fileRef = 0E98EC922D3BD206006F25EF /* NotoSansKR-Medium.ttf */; };
		0E98EC952D3BD206006F25EF /* NotoSansKR-Regular.ttf in Resources */ = {isa = PBXBuildFile; fileRef = 0E98EC932D3BD206006F25EF /* NotoSansKR-Regular.ttf */; };
		DE0020B92D3F75E6003A273F /* KakaoSDK in Frameworks */ = {isa = PBXBuildFile; productRef = DE0020B82D3F75E6003A273F /* KakaoSDK */; };
		DE0020BB2D3F75E6003A273F /* KakaoSDKAuth in Frameworks */ = {isa = PBXBuildFile; productRef = DE0020BA2D3F75E6003A273F /* KakaoSDKAuth */; };
		DE0020BD2D3F75E6003A273F /* KakaoSDKCommon in Frameworks */ = {isa = PBXBuildFile; productRef = DE0020BC2D3F75E6003A273F /* KakaoSDKCommon */; };
		DE0020C62D3F942B003A273F /* GoogleSignIn in Frameworks */ = {isa = PBXBuildFile; productRef = DE0020C52D3F942B003A273F /* GoogleSignIn */; };
		DE0020CB2D414BD9003A273F /* FirebaseAnalytics in Frameworks */ = {isa = PBXBuildFile; productRef = DE0020CA2D414BD9003A273F /* FirebaseAnalytics */; };
		DE0020CD2D414BD9003A273F /* FirebaseAnalyticsOnDeviceConversion in Frameworks */ = {isa = PBXBuildFile; productRef = DE0020CC2D414BD9003A273F /* FirebaseAnalyticsOnDeviceConversion */; };
		DE0020CF2D414BD9003A273F /* FirebaseAnalyticsWithoutAdIdSupport in Frameworks */ = {isa = PBXBuildFile; productRef = DE0020CE2D414BD9003A273F /* FirebaseAnalyticsWithoutAdIdSupport */; };
		DE0020D12D414BD9003A273F /* FirebaseAppCheck in Frameworks */ = {isa = PBXBuildFile; productRef = DE0020D02D414BD9003A273F /* FirebaseAppCheck */; };
		DE0020D32D414BD9003A273F /* FirebaseAppDistribution-Beta in Frameworks */ = {isa = PBXBuildFile; productRef = DE0020D22D414BD9003A273F /* FirebaseAppDistribution-Beta */; };
		DE0020D52D41EC0E003A273F /* GoogleService-Info.plist in Resources */ = {isa = PBXBuildFile; fileRef = DE0020D42D41EC0E003A273F /* GoogleService-Info.plist */; };
		DE0020D92D420F0E003A273F /* FirebaseAuth in Frameworks */ = {isa = PBXBuildFile; productRef = DE0020D82D420F0E003A273F /* FirebaseAuth */; };
		DE0020DB2D420F0E003A273F /* FirebaseCore in Frameworks */ = {isa = PBXBuildFile; productRef = DE0020DA2D420F0E003A273F /* FirebaseCore */; };
		DE0020DD2D420F3B003A273F /* FirebaseFirestore in Frameworks */ = {isa = PBXBuildFile; productRef = DE0020DC2D420F3B003A273F /* FirebaseFirestore */; };
		DE00212D2D433D7F003A273F /* NMapsMap in Frameworks */ = {isa = PBXBuildFile; productRef = DE00212C2D433D7F003A273F /* NMapsMap */; };
		DE00217A2D439F3F003A273F /* NotoSansKR-Bold.ttf in Resources */ = {isa = PBXBuildFile; fileRef = DE0021792D439F3F003A273F /* NotoSansKR-Bold.ttf */; };
		DE85E28D2D4623BB0055C78C /* MainTabBarController.swift in Sources */ = {isa = PBXBuildFile; fileRef = DE85E2772D4623BB0055C78C /* MainTabBarController.swift */; };
		FFC8DAFB2D50DDE30094B687 /* FloatingPanel in Frameworks */ = {isa = PBXBuildFile; productRef = FFC8DAFA2D50DDE30094B687 /* FloatingPanel */; };
		FFC8DBF42D50E3970094B687 /* HotPlaceSectionModel.swift in Sources */ = {isa = PBXBuildFile; fileRef = FFC8DBF22D50E3970094B687 /* HotPlaceSectionModel.swift */; };
/* End PBXBuildFile section */

/* Begin PBXFileReference section */
		0E98E9D52D2D009D006F25EF /* iOS_Wegg.app */ = {isa = PBXFileReference; explicitFileType = wrapper.application; includeInIndex = 0; path = iOS_Wegg.app; sourceTree = BUILT_PRODUCTS_DIR; };
		0E98EA272D2F8AE8006F25EF /* AppDelegate.swift */ = {isa = PBXFileReference; lastKnownFileType = sourcecode.swift; path = AppDelegate.swift; sourceTree = "<group>"; };
		0E98EA282D2F8AE8006F25EF /* Assets.xcassets */ = {isa = PBXFileReference; lastKnownFileType = folder.assetcatalog; path = Assets.xcassets; sourceTree = "<group>"; };
		0E98EA292D2F8AE8006F25EF /* Info.plist */ = {isa = PBXFileReference; lastKnownFileType = text.plist.xml; path = Info.plist; sourceTree = "<group>"; };
		0E98EA2A2D2F8AE8006F25EF /* SceneDelegate.swift */ = {isa = PBXFileReference; lastKnownFileType = sourcecode.swift; path = SceneDelegate.swift; sourceTree = "<group>"; };
		0E98EB852D3A274B006F25EF /* GmarketSansTTFBold.ttf */ = {isa = PBXFileReference; lastKnownFileType = file; path = GmarketSansTTFBold.ttf; sourceTree = "<group>"; };
		0E98EB862D3A274B006F25EF /* GmarketSansTTFLight.ttf */ = {isa = PBXFileReference; lastKnownFileType = file; path = GmarketSansTTFLight.ttf; sourceTree = "<group>"; };
		0E98EB872D3A274B006F25EF /* GmarketSansTTFMedium.ttf */ = {isa = PBXFileReference; lastKnownFileType = file; path = GmarketSansTTFMedium.ttf; sourceTree = "<group>"; };
		0E98EC922D3BD206006F25EF /* NotoSansKR-Medium.ttf */ = {isa = PBXFileReference; lastKnownFileType = file; path = "NotoSansKR-Medium.ttf"; sourceTree = "<group>"; };
		0E98EC932D3BD206006F25EF /* NotoSansKR-Regular.ttf */ = {isa = PBXFileReference; lastKnownFileType = file; path = "NotoSansKR-Regular.ttf"; sourceTree = "<group>"; };
		DE0020D42D41EC0E003A273F /* GoogleService-Info.plist */ = {isa = PBXFileReference; lastKnownFileType = text.plist.xml; path = "GoogleService-Info.plist"; sourceTree = "<group>"; };
		DE0021792D439F3F003A273F /* NotoSansKR-Bold.ttf */ = {isa = PBXFileReference; lastKnownFileType = file; path = "NotoSansKR-Bold.ttf"; sourceTree = "<group>"; };
		DE85E2772D4623BB0055C78C /* MainTabBarController.swift */ = {isa = PBXFileReference; lastKnownFileType = sourcecode.swift; path = MainTabBarController.swift; sourceTree = "<group>"; };
		FFC8DBF22D50E3970094B687 /* HotPlaceSectionModel.swift */ = {isa = PBXFileReference; lastKnownFileType = sourcecode.swift; path = HotPlaceSectionModel.swift; sourceTree = "<group>"; };
/* End PBXFileReference section */

/* Begin PBXFileSystemSynchronizedBuildFileExceptionSet section */
		0E98EAA52D2FB568006F25EF /* Exceptions for "Protocol" folder in "iOS_Wegg" target */ = {
			isa = PBXFileSystemSynchronizedBuildFileExceptionSet;
			membershipExceptions = (
				.gitkeep,
			);
			target = 0E98E9D42D2D009D006F25EF /* iOS_Wegg */;
		};
		0E98EAA62D2FB56A006F25EF /* Exceptions for "ResponseModel" folder in "iOS_Wegg" target */ = {
			isa = PBXFileSystemSynchronizedBuildFileExceptionSet;
			membershipExceptions = (
				.gitkeep,
			);
			target = 0E98E9D42D2D009D006F25EF /* iOS_Wegg */;
		};
		0E98EAA72D2FB56C006F25EF /* Exceptions for "Secrets" folder in "iOS_Wegg" target */ = {
			isa = PBXFileSystemSynchronizedBuildFileExceptionSet;
			membershipExceptions = (
				.gitkeep,
			);
			target = 0E98E9D42D2D009D006F25EF /* iOS_Wegg */;
		};
		DE0021782D4398A7003A273F /* Exceptions for "Utilities" folder in "iOS_Wegg" target */ = {
			isa = PBXFileSystemSynchronizedBuildFileExceptionSet;
			membershipExceptions = (
				"Extensions/UIColor+extensions.swift",
				"Extensions/UIFont+extensions.swift",
				"Extensions/UIViewController+extension.swift",
				Formatters/DateFormatterUtility.swift,
			);
			target = 0E98E9D42D2D009D006F25EF /* iOS_Wegg */;
		};
		FF3CC4262D4D5A7000006955 /* Exceptions for "Browse" folder in "iOS_Wegg" target */ = {
			isa = PBXFileSystemSynchronizedBuildFileExceptionSet;
			membershipExceptions = (
				PostDetail/ViewController/CommentViewController.swift,
				PostDetail/ViewController/PostDetailViewController.swift,
				PostDetail/Views/Cell/CommentCell.swift,
				PostDetail/Views/Cell/EmojiCell.swift,
				PostDetail/Views/CommentView.swift,
				PostDetail/Views/EmojiPopupView.swift,
				PostDetail/Views/PlusEmojiView.swift,
				PostDetail/Views/PostDetailView.swift,
				Search/ViewController/SearchViewController.swift,
				Search/Views/SearchView.swift,
				ViewController/BrowseViewController.swift,
				Views/BrowseView.swift,
				Views/CollectionView/BrowseCell.swift,
			);
			target = 0E98E9D42D2D009D006F25EF /* iOS_Wegg */;
		};
/* End PBXFileSystemSynchronizedBuildFileExceptionSet section */

/* Begin PBXFileSystemSynchronizedRootGroup section */
		0E98EA322D2F8F8F006F25EF /* Services */ = {
			isa = PBXFileSystemSynchronizedRootGroup;
			path = Services;
			sourceTree = "<group>";
		};
		0E98EA392D2F94AE006F25EF /* Protocol */ = {
			isa = PBXFileSystemSynchronizedRootGroup;
			exceptions = (
				0E98EAA52D2FB568006F25EF /* Exceptions for "Protocol" folder in "iOS_Wegg" target */,
			);
			path = Protocol;
			sourceTree = "<group>";
		};
		0E98EA3A2D2F9630006F25EF /* ResponseModel */ = {
			isa = PBXFileSystemSynchronizedRootGroup;
			exceptions = (
				0E98EAA62D2FB56A006F25EF /* Exceptions for "ResponseModel" folder in "iOS_Wegg" target */,
			);
			path = ResponseModel;
			sourceTree = "<group>";
		};
		0E98EA3C2D2F976E006F25EF /* Secrets */ = {
			isa = PBXFileSystemSynchronizedRootGroup;
			exceptions = (
				0E98EAA72D2FB56C006F25EF /* Exceptions for "Secrets" folder in "iOS_Wegg" target */,
			);
			path = Secrets;
			sourceTree = "<group>";
		};
		0E98EA3F2D2F979A006F25EF /* Utilities */ = {
			isa = PBXFileSystemSynchronizedRootGroup;
			exceptions = (
				DE0021782D4398A7003A273F /* Exceptions for "Utilities" folder in "iOS_Wegg" target */,
			);
			path = Utilities;
			sourceTree = "<group>";
		};
		0E98EAC62D2FB789006F25EF /* Login */ = {
			isa = PBXFileSystemSynchronizedRootGroup;
			path = Login;
			sourceTree = "<group>";
		};
		0EAFD7862D49AB1600E96CB0 /* HotPlaceModel */ = {
			isa = PBXFileSystemSynchronizedRootGroup;
			path = HotPlaceModel;
			sourceTree = "<group>";
		};
		7BF71FD92D4DFA5E00695782 /* Home */ = {
			isa = PBXFileSystemSynchronizedRootGroup;
			path = Home;
			sourceTree = "<group>";
		};
		DE001E912D3BDF71003A273F /* Button */ = {
			isa = PBXFileSystemSynchronizedRootGroup;
			path = Button;
			sourceTree = "<group>";
		};
		DE001EC22D3BF1B5003A273F /* TextField */ = {
			isa = PBXFileSystemSynchronizedRootGroup;
			path = TextField;
			sourceTree = "<group>";
		};
		DE85E2742D4623BB0055C78C /* Browse */ = {
			isa = PBXFileSystemSynchronizedRootGroup;
			exceptions = (
				FF3CC4262D4D5A7000006955 /* Exceptions for "Browse" folder in "iOS_Wegg" target */,
			);
			path = Browse;
			sourceTree = "<group>";
		};
		DE85E2762D4623BB0055C78C /* Home */ = {
			isa = PBXFileSystemSynchronizedRootGroup;
			path = Home;
			sourceTree = "<group>";
		};
		DE85E2792D4623BB0055C78C /* Map */ = {
			isa = PBXFileSystemSynchronizedRootGroup;
			path = Map;
			sourceTree = "<group>";
		};
		DE85E27B2D4623BB0055C78C /* My */ = {
			isa = PBXFileSystemSynchronizedRootGroup;
			path = My;
			sourceTree = "<group>";
		};
		DE85E2802D4623BB0055C78C /* SignUp */ = {
			isa = PBXFileSystemSynchronizedRootGroup;
			path = SignUp;
			sourceTree = "<group>";
		};
		DE85E2822D4623BB0055C78C /* Schedule */ = {
			isa = PBXFileSystemSynchronizedRootGroup;
			path = Schedule;
			sourceTree = "<group>";
		};
		DEEB72322D4D211C001C3880 /* Label */ = {
			isa = PBXFileSystemSynchronizedRootGroup;
			path = Label;
			sourceTree = "<group>";
		};
		FF3CBBE92D3E387E00006955 /* BrowseItem */ = {
			isa = PBXFileSystemSynchronizedRootGroup;
			path = BrowseItem;
			sourceTree = "<group>";
		};
		FF3CBFAF2D41070000006955 /* PostModel */ = {
			isa = PBXFileSystemSynchronizedRootGroup;
			path = PostModel;
			sourceTree = "<group>";
		};
		FF3CC3402D4B41FD00006955 /* EmojiModel */ = {
			isa = PBXFileSystemSynchronizedRootGroup;
			path = EmojiModel;
			sourceTree = "<group>";
		};
		FFC8E52F2D5605100094B687 /* Map */ = {
			isa = PBXFileSystemSynchronizedRootGroup;
			path = Map;
			sourceTree = "<group>";
		};
		FFC8E8992D574C990094B687 /* Map */ = {
			isa = PBXFileSystemSynchronizedRootGroup;
			path = Map;
			sourceTree = "<group>";
		};
/* End PBXFileSystemSynchronizedRootGroup section */

/* Begin PBXFrameworksBuildPhase section */
		0E98E9D22D2D009D006F25EF /* Frameworks */ = {
			isa = PBXFrameworksBuildPhase;
			buildActionMask = 2147483647;
			files = (
				0E98E9EF2D2E3265006F25EF /* SnapKit in Frameworks */,
				DE0020D92D420F0E003A273F /* FirebaseAuth in Frameworks */,
				DE0020D12D414BD9003A273F /* FirebaseAppCheck in Frameworks */,
				0E98E9F22D2E331D006F25EF /* Alamofire in Frameworks */,
				DE0020DD2D420F3B003A273F /* FirebaseFirestore in Frameworks */,
				DE0020CD2D414BD9003A273F /* FirebaseAnalyticsOnDeviceConversion in Frameworks */,
				FFC8DAFB2D50DDE30094B687 /* FloatingPanel in Frameworks */,
				0E98EB802D38E554006F25EF /* KakaoMapsSDK-SPM in Frameworks */,
				DE0020DB2D420F0E003A273F /* FirebaseCore in Frameworks */,
				0E98E9F52D2E336F006F25EF /* Moya in Frameworks */,
				DE0020BD2D3F75E6003A273F /* KakaoSDKCommon in Frameworks */,
				DE0020D32D414BD9003A273F /* FirebaseAppDistribution-Beta in Frameworks */,
				0E98EA472D2F9F77006F25EF /* Then in Frameworks */,
				DE0020CF2D414BD9003A273F /* FirebaseAnalyticsWithoutAdIdSupport in Frameworks */,
				DE00212D2D433D7F003A273F /* NMapsMap in Frameworks */,
				DE0020B92D3F75E6003A273F /* KakaoSDK in Frameworks */,
				DE0020BB2D3F75E6003A273F /* KakaoSDKAuth in Frameworks */,
				DE0020CB2D414BD9003A273F /* FirebaseAnalytics in Frameworks */,
				DE0020C62D3F942B003A273F /* GoogleSignIn in Frameworks */,
			);
			runOnlyForDeploymentPostprocessing = 0;
		};
/* End PBXFrameworksBuildPhase section */

/* Begin PBXGroup section */
		0E98E9CC2D2D009D006F25EF = {
			isa = PBXGroup;
			children = (
				0E98EA2C2D2F8AE8006F25EF /* iOS_Wegg */,
				0E98E9D62D2D009D006F25EF /* Products */,
				FFC8E7792D574BC10094B687 /* Recovered References */,
			);
			sourceTree = "<group>";
		};
		0E98E9D62D2D009D006F25EF /* Products */ = {
			isa = PBXGroup;
			children = (
				0E98E9D52D2D009D006F25EF /* iOS_Wegg.app */,
			);
			name = Products;
			sourceTree = "<group>";
		};
		0E98EA212D2F8AE8006F25EF /* App */ = {
			isa = PBXGroup;
			children = (
				0E98EA272D2F8AE8006F25EF /* AppDelegate.swift */,
				0E98EA2A2D2F8AE8006F25EF /* SceneDelegate.swift */,
			);
			path = App;
			sourceTree = "<group>";
		};
		0E98EA222D2F8AE8006F25EF /* Component */ = {
			isa = PBXGroup;
			children = (
				FFC8E8992D574C990094B687 /* Map */,
				7BF71FD92D4DFA5E00695782 /* Home */,
				DEEB72322D4D211C001C3880 /* Label */,
				DE001EC22D3BF1B5003A273F /* TextField */,
				DE001E912D3BDF71003A273F /* Button */,
			);
			path = Component;
			sourceTree = "<group>";
		};
		0E98EA232D2F8AE8006F25EF /* Core */ = {
			isa = PBXGroup;
			children = (
				0E98EA322D2F8F8F006F25EF /* Services */,
				0E98EA3C2D2F976E006F25EF /* Secrets */,
				0E98EA3F2D2F979A006F25EF /* Utilities */,
			);
			path = Core;
			sourceTree = "<group>";
		};
		0E98EA242D2F8AE8006F25EF /* Models */ = {
			isa = PBXGroup;
			children = (
				FFC8DBF32D50E3970094B687 /* HotPlaceModel */,
				FF3CC3402D4B41FD00006955 /* EmojiModel */,
				FF3CBFAF2D41070000006955 /* PostModel */,
				FF3CBBE92D3E387E00006955 /* BrowseItem */,
				0E98EA3A2D2F9630006F25EF /* ResponseModel */,
				0E98EA392D2F94AE006F25EF /* Protocol */,
			);
			path = Models;
			sourceTree = "<group>";
		};
		0E98EA252D2F8AE8006F25EF /* Resources */ = {
			isa = PBXGroup;
			children = (
				0E98EB842D3A2603006F25EF /* Fonts */,
				0E98EA282D2F8AE8006F25EF /* Assets.xcassets */,
				0E98EA292D2F8AE8006F25EF /* Info.plist */,
				DE0020D42D41EC0E003A273F /* GoogleService-Info.plist */,
			);
			path = Resources;
			sourceTree = "<group>";
		};
		0E98EA262D2F8AE8006F25EF /* Screen */ = {
			isa = PBXGroup;
			children = (
				DE85E2742D4623BB0055C78C /* Browse */,
				DE85E2762D4623BB0055C78C /* Home */,
				DE85E2792D4623BB0055C78C /* Map */,
				DE85E27B2D4623BB0055C78C /* My */,
				DE85E2802D4623BB0055C78C /* SignUp */,
				DE85E2822D4623BB0055C78C /* Schedule */,
				0E98EAC62D2FB789006F25EF /* Login */,
				DE85E2772D4623BB0055C78C /* MainTabBarController.swift */,
			);
			path = Screen;
			sourceTree = "<group>";
		};
		0E98EA2C2D2F8AE8006F25EF /* iOS_Wegg */ = {
			isa = PBXGroup;
			children = (
				0E98EA212D2F8AE8006F25EF /* App */,
				0E98EA222D2F8AE8006F25EF /* Component */,
				0E98EA232D2F8AE8006F25EF /* Core */,
				0E98EA262D2F8AE8006F25EF /* Screen */,
				0E98EA242D2F8AE8006F25EF /* Models */,
				0E98EA252D2F8AE8006F25EF /* Resources */,
			);
			path = iOS_Wegg;
			sourceTree = "<group>";
		};
		0E98EB842D3A2603006F25EF /* Fonts */ = {
			isa = PBXGroup;
			children = (
				0E98EC8D2D3BCF64006F25EF /* NotoSans */,
				0E98EC8C2D3BCF4A006F25EF /* GmarketSans */,
			);
			path = Fonts;
			sourceTree = "<group>";
		};
		0E98EC8C2D3BCF4A006F25EF /* GmarketSans */ = {
			isa = PBXGroup;
			children = (
				0E98EB852D3A274B006F25EF /* GmarketSansTTFBold.ttf */,
				0E98EB862D3A274B006F25EF /* GmarketSansTTFLight.ttf */,
				0E98EB872D3A274B006F25EF /* GmarketSansTTFMedium.ttf */,
			);
			path = GmarketSans;
			sourceTree = "<group>";
		};
		0E98EC8D2D3BCF64006F25EF /* NotoSans */ = {
			isa = PBXGroup;
			children = (
				0E98EC922D3BD206006F25EF /* NotoSansKR-Medium.ttf */,
				0E98EC932D3BD206006F25EF /* NotoSansKR-Regular.ttf */,
				DE0021792D439F3F003A273F /* NotoSansKR-Bold.ttf */,
			);
			path = NotoSans;
			sourceTree = "<group>";
		};
		FFC8DBF32D50E3970094B687 /* HotPlaceModel */ = {
			isa = PBXGroup;
			children = (
				FFC8DBF22D50E3970094B687 /* HotPlaceSectionModel.swift */,
			);
			path = HotPlaceModel;
			sourceTree = "<group>";
		};
		FFC8E7792D574BC10094B687 /* Recovered References */ = {
			isa = PBXGroup;
			children = (
				0EAFD7862D49AB1600E96CB0 /* HotPlaceModel */,
				FFC8E52F2D5605100094B687 /* Map */,
			);
			name = "Recovered References";
			sourceTree = "<group>";
		};
/* End PBXGroup section */

/* Begin PBXNativeTarget section */
		0E98E9D42D2D009D006F25EF /* iOS_Wegg */ = {
			isa = PBXNativeTarget;
			buildConfigurationList = 0E98E9E82D2D009E006F25EF /* Build configuration list for PBXNativeTarget "iOS_Wegg" */;
			buildPhases = (
				0E98EA042D2E5C14006F25EF /* SwiftLint */,
				0E98E9D12D2D009D006F25EF /* Sources */,
				0E98E9D22D2D009D006F25EF /* Frameworks */,
				0E98E9D32D2D009D006F25EF /* Resources */,
			);
			buildRules = (
			);
			dependencies = (
				0E98EA062D2E5FDB006F25EF /* PBXTargetDependency */,
			);
			fileSystemSynchronizedGroups = (
				0E98EA322D2F8F8F006F25EF /* Services */,
				0E98EA392D2F94AE006F25EF /* Protocol */,
				0E98EA3A2D2F9630006F25EF /* ResponseModel */,
				0E98EA3C2D2F976E006F25EF /* Secrets */,
				0E98EAC62D2FB789006F25EF /* Login */,
				0EAFD7862D49AB1600E96CB0 /* HotPlaceModel */,
				7BF71FD92D4DFA5E00695782 /* Home */,
				DE001E912D3BDF71003A273F /* Button */,
				DE001EC22D3BF1B5003A273F /* TextField */,
				DE85E2762D4623BB0055C78C /* Home */,
				DE85E2792D4623BB0055C78C /* Map */,
				DE85E27B2D4623BB0055C78C /* My */,
				DE85E2802D4623BB0055C78C /* SignUp */,
				DE85E2822D4623BB0055C78C /* Schedule */,
				DEEB72322D4D211C001C3880 /* Label */,
				FF3CBBE92D3E387E00006955 /* BrowseItem */,
				FF3CBFAF2D41070000006955 /* PostModel */,
				FF3CC3402D4B41FD00006955 /* EmojiModel */,
				FFC8E52F2D5605100094B687 /* Map */,
				FFC8E8992D574C990094B687 /* Map */,
			);
			name = iOS_Wegg;
			packageProductDependencies = (
				0E98E9EE2D2E3265006F25EF /* SnapKit */,
				0E98E9F12D2E331D006F25EF /* Alamofire */,
				0E98E9F42D2E336F006F25EF /* Moya */,
				0E98EA462D2F9F77006F25EF /* Then */,
				0E98EB7F2D38E554006F25EF /* KakaoMapsSDK-SPM */,
				DE0020B82D3F75E6003A273F /* KakaoSDK */,
				DE0020BA2D3F75E6003A273F /* KakaoSDKAuth */,
				DE0020BC2D3F75E6003A273F /* KakaoSDKCommon */,
				DE0020C52D3F942B003A273F /* GoogleSignIn */,
				DE0020CA2D414BD9003A273F /* FirebaseAnalytics */,
				DE0020CC2D414BD9003A273F /* FirebaseAnalyticsOnDeviceConversion */,
				DE0020CE2D414BD9003A273F /* FirebaseAnalyticsWithoutAdIdSupport */,
				DE0020D02D414BD9003A273F /* FirebaseAppCheck */,
				DE0020D22D414BD9003A273F /* FirebaseAppDistribution-Beta */,
				DE0020D82D420F0E003A273F /* FirebaseAuth */,
				DE0020DA2D420F0E003A273F /* FirebaseCore */,
				DE0020DC2D420F3B003A273F /* FirebaseFirestore */,
				DE00212C2D433D7F003A273F /* NMapsMap */,
				FFC8DAFA2D50DDE30094B687 /* FloatingPanel */,
			);
			productName = iOS_Wegg;
			productReference = 0E98E9D52D2D009D006F25EF /* iOS_Wegg.app */;
			productType = "com.apple.product-type.application";
		};
/* End PBXNativeTarget section */

/* Begin PBXProject section */
		0E98E9CD2D2D009D006F25EF /* Project object */ = {
			isa = PBXProject;
			attributes = {
				BuildIndependentTargetsInParallel = 1;
				LastSwiftUpdateCheck = 1620;
				LastUpgradeCheck = 1620;
				TargetAttributes = {
					0E98E9D42D2D009D006F25EF = {
						CreatedOnToolsVersion = 16.2;
					};
				};
			};
			buildConfigurationList = 0E98E9D02D2D009D006F25EF /* Build configuration list for PBXProject "iOS_Wegg" */;
			developmentRegion = en;
			hasScannedForEncodings = 0;
			knownRegions = (
				en,
				Base,
			);
			mainGroup = 0E98E9CC2D2D009D006F25EF;
			minimizedProjectReferenceProxies = 1;
			packageReferences = (
				0E98E9ED2D2E3265006F25EF /* XCRemoteSwiftPackageReference "SnapKit" */,
				0E98E9F02D2E331D006F25EF /* XCRemoteSwiftPackageReference "Alamofire" */,
				0E98E9F32D2E336F006F25EF /* XCRemoteSwiftPackageReference "Moya" */,
				0E98E9F92D2E3712006F25EF /* XCRemoteSwiftPackageReference "SwiftLint" */,
				0E98EA452D2F9F77006F25EF /* XCRemoteSwiftPackageReference "Then" */,
				0E98EB7E2D38E554006F25EF /* XCRemoteSwiftPackageReference "KakaoMapsSDK-SPM" */,
				DE0020B72D3F75E6003A273F /* XCRemoteSwiftPackageReference "kakao-ios-sdk" */,
				DE0020C42D3F942B003A273F /* XCRemoteSwiftPackageReference "GoogleSignIn-iOS" */,
				DE0020C92D414BD9003A273F /* XCRemoteSwiftPackageReference "firebase-ios-sdk" */,
				DE00212B2D433D7F003A273F /* XCRemoteSwiftPackageReference "SPM-NMapsMap" */,
				FFC8DAF92D50DDE30094B687 /* XCRemoteSwiftPackageReference "FloatingPanel" */,
			);
			preferredProjectObjectVersion = 77;
			productRefGroup = 0E98E9D62D2D009D006F25EF /* Products */;
			projectDirPath = "";
			projectRoot = "";
			targets = (
				0E98E9D42D2D009D006F25EF /* iOS_Wegg */,
			);
		};
/* End PBXProject section */

/* Begin PBXResourcesBuildPhase section */
		0E98E9D32D2D009D006F25EF /* Resources */ = {
			isa = PBXResourcesBuildPhase;
			buildActionMask = 2147483647;
			files = (
				0E98EC942D3BD206006F25EF /* NotoSansKR-Medium.ttf in Resources */,
				0E98EC952D3BD206006F25EF /* NotoSansKR-Regular.ttf in Resources */,
				0E98EB882D3A274B006F25EF /* GmarketSansTTFMedium.ttf in Resources */,
				0E98EB892D3A274B006F25EF /* GmarketSansTTFBold.ttf in Resources */,
				0E98EB8A2D3A274B006F25EF /* GmarketSansTTFLight.ttf in Resources */,
				0E98EA302D2F8AE8006F25EF /* Assets.xcassets in Resources */,
				DE0020D52D41EC0E003A273F /* GoogleService-Info.plist in Resources */,
				DE00217A2D439F3F003A273F /* NotoSansKR-Bold.ttf in Resources */,
			);
			runOnlyForDeploymentPostprocessing = 0;
		};
/* End PBXResourcesBuildPhase section */

/* Begin PBXShellScriptBuildPhase section */
		0E98EA042D2E5C14006F25EF /* SwiftLint */ = {
			isa = PBXShellScriptBuildPhase;
			buildActionMask = 2147483647;
			files = (
			);
			inputFileListPaths = (
			);
			inputPaths = (
			);
			name = SwiftLint;
			outputFileListPaths = (
			);
			outputPaths = (
				"$(DERIVED_FILE_DIR)/swiftlint.result",
			);
			runOnlyForDeploymentPostprocessing = 0;
			shellPath = /bin/sh;
			shellScript = "# Type a script or drag a script file from your workspace to insert its path.\nif which swiftlint >/dev/null; then\n    swiftlint > $DERIVED_FILES_DIR/swiftlint.result\nelse\n    echo \"SwiftLint is not installed. Please install it using 'brew install swiftlint'.\"\nfi\n";
		};
/* End PBXShellScriptBuildPhase section */

/* Begin PBXSourcesBuildPhase section */
		0E98E9D12D2D009D006F25EF /* Sources */ = {
			isa = PBXSourcesBuildPhase;
			buildActionMask = 2147483647;
			files = (
				0E98EA2D2D2F8AE8006F25EF /* AppDelegate.swift in Sources */,
				0E98EA2E2D2F8AE8006F25EF /* SceneDelegate.swift in Sources */,
				DE85E28D2D4623BB0055C78C /* MainTabBarController.swift in Sources */,
				FFC8DBF42D50E3970094B687 /* HotPlaceSectionModel.swift in Sources */,
			);
			runOnlyForDeploymentPostprocessing = 0;
		};
/* End PBXSourcesBuildPhase section */

/* Begin PBXTargetDependency section */
		0E98EA062D2E5FDB006F25EF /* PBXTargetDependency */ = {
			isa = PBXTargetDependency;
			productRef = 0E98EA052D2E5FDB006F25EF /* SwiftLintBuildToolPlugin */;
		};
/* End PBXTargetDependency section */

/* Begin XCBuildConfiguration section */
		0E98E9E92D2D009E006F25EF /* Debug */ = {
			isa = XCBuildConfiguration;
			baseConfigurationReferenceAnchor = 0E98EA3C2D2F976E006F25EF /* Secrets */;
			baseConfigurationReferenceRelativePath = Secrets.xcconfig;
			buildSettings = {
				ASSETCATALOG_COMPILER_APPICON_NAME = AppIcon;
				ASSETCATALOG_COMPILER_GLOBAL_ACCENT_COLOR_NAME = AccentColor;
				CODE_SIGN_STYLE = Automatic;
				CURRENT_PROJECT_VERSION = 1;
				DEVELOPMENT_TEAM = 6H8Y6F23HB;
				GENERATE_INFOPLIST_FILE = YES;
				INFOPLIST_FILE = iOS_Wegg/Resources/Info.plist;
				INFOPLIST_KEY_LSApplicationCategoryType = "";
				INFOPLIST_KEY_NSLocationAlwaysUsageDescription = "사용자의 위치를 받습니다.";
				INFOPLIST_KEY_NSLocationWhenInUseUsageDescription = "앱 사용 중에 위치를 활용합니다.";
				INFOPLIST_KEY_UIApplicationSupportsIndirectInputEvents = YES;
				INFOPLIST_KEY_UILaunchStoryboardName = LaunchScreen;
				INFOPLIST_KEY_UISupportedInterfaceOrientations_iPad = "UIInterfaceOrientationPortrait UIInterfaceOrientationPortraitUpsideDown UIInterfaceOrientationLandscapeLeft UIInterfaceOrientationLandscapeRight";
				INFOPLIST_KEY_UISupportedInterfaceOrientations_iPhone = "UIInterfaceOrientationPortrait UIInterfaceOrientationLandscapeLeft UIInterfaceOrientationLandscapeRight";
				IPHONEOS_DEPLOYMENT_TARGET = 16.0;
				LD_RUNPATH_SEARCH_PATHS = (
					"$(inherited)",
					"@executable_path/Frameworks",
				);
				MARKETING_VERSION = 1.0;
				PRODUCT_BUNDLE_IDENTIFIER = "UMC-7th.iOS-Wegg";
				PRODUCT_NAME = "$(TARGET_NAME)";
				SWIFT_EMIT_LOC_STRINGS = YES;
				SWIFT_VERSION = 5.0;
				TARGETED_DEVICE_FAMILY = "1,2";
			};
			name = Debug;
		};
		0E98E9EA2D2D009E006F25EF /* Release */ = {
			isa = XCBuildConfiguration;
			baseConfigurationReferenceAnchor = 0E98EA3C2D2F976E006F25EF /* Secrets */;
			baseConfigurationReferenceRelativePath = Secrets.xcconfig;
			buildSettings = {
				ASSETCATALOG_COMPILER_APPICON_NAME = AppIcon;
				ASSETCATALOG_COMPILER_GLOBAL_ACCENT_COLOR_NAME = AccentColor;
				CODE_SIGN_STYLE = Automatic;
				CURRENT_PROJECT_VERSION = 1;
				DEVELOPMENT_TEAM = 6H8Y6F23HB;
				GENERATE_INFOPLIST_FILE = YES;
				INFOPLIST_FILE = iOS_Wegg/Resources/Info.plist;
				INFOPLIST_KEY_LSApplicationCategoryType = "";
				INFOPLIST_KEY_NSLocationAlwaysUsageDescription = "사용자의 위치를 받습니다.";
				INFOPLIST_KEY_NSLocationWhenInUseUsageDescription = "앱 사용 중에 위치를 활용합니다.";
				INFOPLIST_KEY_UIApplicationSupportsIndirectInputEvents = YES;
				INFOPLIST_KEY_UILaunchStoryboardName = LaunchScreen;
				INFOPLIST_KEY_UISupportedInterfaceOrientations_iPad = "UIInterfaceOrientationPortrait UIInterfaceOrientationPortraitUpsideDown UIInterfaceOrientationLandscapeLeft UIInterfaceOrientationLandscapeRight";
				INFOPLIST_KEY_UISupportedInterfaceOrientations_iPhone = "UIInterfaceOrientationPortrait UIInterfaceOrientationLandscapeLeft UIInterfaceOrientationLandscapeRight";
				IPHONEOS_DEPLOYMENT_TARGET = 16.0;
				LD_RUNPATH_SEARCH_PATHS = (
					"$(inherited)",
					"@executable_path/Frameworks",
				);
				MARKETING_VERSION = 1.0;
				PRODUCT_BUNDLE_IDENTIFIER = "UMC-7th.iOS-Wegg";
				PRODUCT_NAME = "$(TARGET_NAME)";
				SWIFT_EMIT_LOC_STRINGS = YES;
				SWIFT_VERSION = 5.0;
				TARGETED_DEVICE_FAMILY = "1,2";
			};
			name = Release;
		};
		0E98E9EB2D2D009E006F25EF /* Debug */ = {
			isa = XCBuildConfiguration;
			buildSettings = {
				ALWAYS_SEARCH_USER_PATHS = NO;
				ASSETCATALOG_COMPILER_GENERATE_SWIFT_ASSET_SYMBOL_EXTENSIONS = YES;
				CLANG_ANALYZER_NONNULL = YES;
				CLANG_ANALYZER_NUMBER_OBJECT_CONVERSION = YES_AGGRESSIVE;
				CLANG_CXX_LANGUAGE_STANDARD = "gnu++20";
				CLANG_ENABLE_MODULES = YES;
				CLANG_ENABLE_OBJC_ARC = YES;
				CLANG_ENABLE_OBJC_WEAK = YES;
				CLANG_WARN_BLOCK_CAPTURE_AUTORELEASING = YES;
				CLANG_WARN_BOOL_CONVERSION = YES;
				CLANG_WARN_COMMA = YES;
				CLANG_WARN_CONSTANT_CONVERSION = YES;
				CLANG_WARN_DEPRECATED_OBJC_IMPLEMENTATIONS = YES;
				CLANG_WARN_DIRECT_OBJC_ISA_USAGE = YES_ERROR;
				CLANG_WARN_DOCUMENTATION_COMMENTS = YES;
				CLANG_WARN_EMPTY_BODY = YES;
				CLANG_WARN_ENUM_CONVERSION = YES;
				CLANG_WARN_INFINITE_RECURSION = YES;
				CLANG_WARN_INT_CONVERSION = YES;
				CLANG_WARN_NON_LITERAL_NULL_CONVERSION = YES;
				CLANG_WARN_OBJC_IMPLICIT_RETAIN_SELF = YES;
				CLANG_WARN_OBJC_LITERAL_CONVERSION = YES;
				CLANG_WARN_OBJC_ROOT_CLASS = YES_ERROR;
				CLANG_WARN_QUOTED_INCLUDE_IN_FRAMEWORK_HEADER = YES;
				CLANG_WARN_RANGE_LOOP_ANALYSIS = YES;
				CLANG_WARN_STRICT_PROTOTYPES = YES;
				CLANG_WARN_SUSPICIOUS_MOVE = YES;
				CLANG_WARN_UNGUARDED_AVAILABILITY = YES_AGGRESSIVE;
				CLANG_WARN_UNREACHABLE_CODE = YES;
				CLANG_WARN__DUPLICATE_METHOD_MATCH = YES;
				COPY_PHASE_STRIP = NO;
				DEBUG_INFORMATION_FORMAT = dwarf;
				ENABLE_STRICT_OBJC_MSGSEND = YES;
				ENABLE_TESTABILITY = YES;
				ENABLE_USER_SCRIPT_SANDBOXING = YES;
				GCC_C_LANGUAGE_STANDARD = gnu17;
				GCC_DYNAMIC_NO_PIC = NO;
				GCC_NO_COMMON_BLOCKS = YES;
				GCC_OPTIMIZATION_LEVEL = 0;
				GCC_PREPROCESSOR_DEFINITIONS = (
					"DEBUG=1",
					"$(inherited)",
				);
				GCC_WARN_64_TO_32_BIT_CONVERSION = YES;
				GCC_WARN_ABOUT_RETURN_TYPE = YES_ERROR;
				GCC_WARN_UNDECLARED_SELECTOR = YES;
				GCC_WARN_UNINITIALIZED_AUTOS = YES_AGGRESSIVE;
				GCC_WARN_UNUSED_FUNCTION = YES;
				GCC_WARN_UNUSED_VARIABLE = YES;
				IPHONEOS_DEPLOYMENT_TARGET = 18.2;
				LOCALIZATION_PREFERS_STRING_CATALOGS = YES;
				MTL_ENABLE_DEBUG_INFO = INCLUDE_SOURCE;
				MTL_FAST_MATH = YES;
				ONLY_ACTIVE_ARCH = YES;
				SDKROOT = iphoneos;
				SWIFT_ACTIVE_COMPILATION_CONDITIONS = "DEBUG $(inherited)";
				SWIFT_OPTIMIZATION_LEVEL = "-Onone";
			};
			name = Debug;
		};
		0E98E9EC2D2D009E006F25EF /* Release */ = {
			isa = XCBuildConfiguration;
			buildSettings = {
				ALWAYS_SEARCH_USER_PATHS = NO;
				ASSETCATALOG_COMPILER_GENERATE_SWIFT_ASSET_SYMBOL_EXTENSIONS = YES;
				CLANG_ANALYZER_NONNULL = YES;
				CLANG_ANALYZER_NUMBER_OBJECT_CONVERSION = YES_AGGRESSIVE;
				CLANG_CXX_LANGUAGE_STANDARD = "gnu++20";
				CLANG_ENABLE_MODULES = YES;
				CLANG_ENABLE_OBJC_ARC = YES;
				CLANG_ENABLE_OBJC_WEAK = YES;
				CLANG_WARN_BLOCK_CAPTURE_AUTORELEASING = YES;
				CLANG_WARN_BOOL_CONVERSION = YES;
				CLANG_WARN_COMMA = YES;
				CLANG_WARN_CONSTANT_CONVERSION = YES;
				CLANG_WARN_DEPRECATED_OBJC_IMPLEMENTATIONS = YES;
				CLANG_WARN_DIRECT_OBJC_ISA_USAGE = YES_ERROR;
				CLANG_WARN_DOCUMENTATION_COMMENTS = YES;
				CLANG_WARN_EMPTY_BODY = YES;
				CLANG_WARN_ENUM_CONVERSION = YES;
				CLANG_WARN_INFINITE_RECURSION = YES;
				CLANG_WARN_INT_CONVERSION = YES;
				CLANG_WARN_NON_LITERAL_NULL_CONVERSION = YES;
				CLANG_WARN_OBJC_IMPLICIT_RETAIN_SELF = YES;
				CLANG_WARN_OBJC_LITERAL_CONVERSION = YES;
				CLANG_WARN_OBJC_ROOT_CLASS = YES_ERROR;
				CLANG_WARN_QUOTED_INCLUDE_IN_FRAMEWORK_HEADER = YES;
				CLANG_WARN_RANGE_LOOP_ANALYSIS = YES;
				CLANG_WARN_STRICT_PROTOTYPES = YES;
				CLANG_WARN_SUSPICIOUS_MOVE = YES;
				CLANG_WARN_UNGUARDED_AVAILABILITY = YES_AGGRESSIVE;
				CLANG_WARN_UNREACHABLE_CODE = YES;
				CLANG_WARN__DUPLICATE_METHOD_MATCH = YES;
				COPY_PHASE_STRIP = NO;
				DEBUG_INFORMATION_FORMAT = "dwarf-with-dsym";
				ENABLE_NS_ASSERTIONS = NO;
				ENABLE_STRICT_OBJC_MSGSEND = YES;
				ENABLE_USER_SCRIPT_SANDBOXING = YES;
				GCC_C_LANGUAGE_STANDARD = gnu17;
				GCC_NO_COMMON_BLOCKS = YES;
				GCC_WARN_64_TO_32_BIT_CONVERSION = YES;
				GCC_WARN_ABOUT_RETURN_TYPE = YES_ERROR;
				GCC_WARN_UNDECLARED_SELECTOR = YES;
				GCC_WARN_UNINITIALIZED_AUTOS = YES_AGGRESSIVE;
				GCC_WARN_UNUSED_FUNCTION = YES;
				GCC_WARN_UNUSED_VARIABLE = YES;
				IPHONEOS_DEPLOYMENT_TARGET = 18.2;
				LOCALIZATION_PREFERS_STRING_CATALOGS = YES;
				MTL_ENABLE_DEBUG_INFO = NO;
				MTL_FAST_MATH = YES;
				SDKROOT = iphoneos;
				SWIFT_COMPILATION_MODE = wholemodule;
				VALIDATE_PRODUCT = YES;
			};
			name = Release;
		};
/* End XCBuildConfiguration section */

/* Begin XCConfigurationList section */
		0E98E9D02D2D009D006F25EF /* Build configuration list for PBXProject "iOS_Wegg" */ = {
			isa = XCConfigurationList;
			buildConfigurations = (
				0E98E9EB2D2D009E006F25EF /* Debug */,
				0E98E9EC2D2D009E006F25EF /* Release */,
			);
			defaultConfigurationIsVisible = 0;
			defaultConfigurationName = Release;
		};
		0E98E9E82D2D009E006F25EF /* Build configuration list for PBXNativeTarget "iOS_Wegg" */ = {
			isa = XCConfigurationList;
			buildConfigurations = (
				0E98E9E92D2D009E006F25EF /* Debug */,
				0E98E9EA2D2D009E006F25EF /* Release */,
			);
			defaultConfigurationIsVisible = 0;
			defaultConfigurationName = Release;
		};
/* End XCConfigurationList section */

/* Begin XCRemoteSwiftPackageReference section */
		0E98E9ED2D2E3265006F25EF /* XCRemoteSwiftPackageReference "SnapKit" */ = {
			isa = XCRemoteSwiftPackageReference;
			repositoryURL = "https://github.com/SnapKit/SnapKit";
			requirement = {
				kind = upToNextMajorVersion;
				minimumVersion = 5.7.1;
			};
		};
		0E98E9F02D2E331D006F25EF /* XCRemoteSwiftPackageReference "Alamofire" */ = {
			isa = XCRemoteSwiftPackageReference;
			repositoryURL = "https://github.com/Alamofire/Alamofire";
			requirement = {
				kind = upToNextMajorVersion;
				minimumVersion = 5.4.3;
			};
		};
		0E98E9F32D2E336F006F25EF /* XCRemoteSwiftPackageReference "Moya" */ = {
			isa = XCRemoteSwiftPackageReference;
			repositoryURL = "https://github.com/Moya/Moya";
			requirement = {
				kind = upToNextMajorVersion;
				minimumVersion = 15.0.0;
			};
		};
		0E98E9F92D2E3712006F25EF /* XCRemoteSwiftPackageReference "SwiftLint" */ = {
			isa = XCRemoteSwiftPackageReference;
			repositoryURL = "https://github.com/realm/SwiftLint.git";
			requirement = {
				kind = upToNextMajorVersion;
				minimumVersion = 0.43.1;
			};
		};
		0E98EA452D2F9F77006F25EF /* XCRemoteSwiftPackageReference "Then" */ = {
			isa = XCRemoteSwiftPackageReference;
			repositoryURL = "https://github.com/devxoul/Then";
			requirement = {
				kind = upToNextMajorVersion;
				minimumVersion = 3.0.0;
			};
		};
		0E98EB7E2D38E554006F25EF /* XCRemoteSwiftPackageReference "KakaoMapsSDK-SPM" */ = {
			isa = XCRemoteSwiftPackageReference;
			repositoryURL = "https://github.com/kakao-mapsSDK/KakaoMapsSDK-SPM.git";
			requirement = {
				kind = upToNextMajorVersion;
				minimumVersion = 2.0.0;
			};
		};
		DE0020B72D3F75E6003A273F /* XCRemoteSwiftPackageReference "kakao-ios-sdk" */ = {
			isa = XCRemoteSwiftPackageReference;
			repositoryURL = "https://github.com/kakao/kakao-ios-sdk.git";
			requirement = {
				kind = upToNextMajorVersion;
				minimumVersion = 2.23.0;
			};
		};
		DE0020C42D3F942B003A273F /* XCRemoteSwiftPackageReference "GoogleSignIn-iOS" */ = {
			isa = XCRemoteSwiftPackageReference;
			repositoryURL = "https://github.com/google/GoogleSignIn-iOS";
			requirement = {
				kind = upToNextMajorVersion;
				minimumVersion = 8.0.0;
			};
		};
		DE0020C92D414BD9003A273F /* XCRemoteSwiftPackageReference "firebase-ios-sdk" */ = {
			isa = XCRemoteSwiftPackageReference;
			repositoryURL = "https://github.com/firebase/firebase-ios-sdk.git";
			requirement = {
				kind = upToNextMajorVersion;
				minimumVersion = 11.7.0;
			};
		};
		DE00212B2D433D7F003A273F /* XCRemoteSwiftPackageReference "SPM-NMapsMap" */ = {
			isa = XCRemoteSwiftPackageReference;
			repositoryURL = "https://github.com/navermaps/SPM-NMapsMap";
			requirement = {
				kind = upToNextMajorVersion;
				minimumVersion = 3.20.0;
			};
		};
		FFC8DAF92D50DDE30094B687 /* XCRemoteSwiftPackageReference "FloatingPanel" */ = {
			isa = XCRemoteSwiftPackageReference;
			repositoryURL = "https://github.com/scenee/FloatingPanel";
			requirement = {
				kind = upToNextMajorVersion;
				minimumVersion = 2.8.6;
			};
		};
/* End XCRemoteSwiftPackageReference section */

/* Begin XCSwiftPackageProductDependency section */
		0E98E9EE2D2E3265006F25EF /* SnapKit */ = {
			isa = XCSwiftPackageProductDependency;
			package = 0E98E9ED2D2E3265006F25EF /* XCRemoteSwiftPackageReference "SnapKit" */;
			productName = SnapKit;
		};
		0E98E9F12D2E331D006F25EF /* Alamofire */ = {
			isa = XCSwiftPackageProductDependency;
			package = 0E98E9F02D2E331D006F25EF /* XCRemoteSwiftPackageReference "Alamofire" */;
			productName = Alamofire;
		};
		0E98E9F42D2E336F006F25EF /* Moya */ = {
			isa = XCSwiftPackageProductDependency;
			package = 0E98E9F32D2E336F006F25EF /* XCRemoteSwiftPackageReference "Moya" */;
			productName = Moya;
		};
		0E98EA052D2E5FDB006F25EF /* SwiftLintBuildToolPlugin */ = {
			isa = XCSwiftPackageProductDependency;
			package = 0E98E9F92D2E3712006F25EF /* XCRemoteSwiftPackageReference "SwiftLint" */;
			productName = "plugin:SwiftLintBuildToolPlugin";
		};
		0E98EA462D2F9F77006F25EF /* Then */ = {
			isa = XCSwiftPackageProductDependency;
			package = 0E98EA452D2F9F77006F25EF /* XCRemoteSwiftPackageReference "Then" */;
			productName = Then;
		};
		0E98EB7F2D38E554006F25EF /* KakaoMapsSDK-SPM */ = {
			isa = XCSwiftPackageProductDependency;
			package = 0E98EB7E2D38E554006F25EF /* XCRemoteSwiftPackageReference "KakaoMapsSDK-SPM" */;
			productName = "KakaoMapsSDK-SPM";
		};
		DE0020B82D3F75E6003A273F /* KakaoSDK */ = {
			isa = XCSwiftPackageProductDependency;
			package = DE0020B72D3F75E6003A273F /* XCRemoteSwiftPackageReference "kakao-ios-sdk" */;
			productName = KakaoSDK;
		};
		DE0020BA2D3F75E6003A273F /* KakaoSDKAuth */ = {
			isa = XCSwiftPackageProductDependency;
			package = DE0020B72D3F75E6003A273F /* XCRemoteSwiftPackageReference "kakao-ios-sdk" */;
			productName = KakaoSDKAuth;
		};
		DE0020BC2D3F75E6003A273F /* KakaoSDKCommon */ = {
			isa = XCSwiftPackageProductDependency;
			package = DE0020B72D3F75E6003A273F /* XCRemoteSwiftPackageReference "kakao-ios-sdk" */;
			productName = KakaoSDKCommon;
		};
		DE0020C52D3F942B003A273F /* GoogleSignIn */ = {
			isa = XCSwiftPackageProductDependency;
			package = DE0020C42D3F942B003A273F /* XCRemoteSwiftPackageReference "GoogleSignIn-iOS" */;
			productName = GoogleSignIn;
		};
		DE0020CA2D414BD9003A273F /* FirebaseAnalytics */ = {
			isa = XCSwiftPackageProductDependency;
			package = DE0020C92D414BD9003A273F /* XCRemoteSwiftPackageReference "firebase-ios-sdk" */;
			productName = FirebaseAnalytics;
		};
		DE0020CC2D414BD9003A273F /* FirebaseAnalyticsOnDeviceConversion */ = {
			isa = XCSwiftPackageProductDependency;
			package = DE0020C92D414BD9003A273F /* XCRemoteSwiftPackageReference "firebase-ios-sdk" */;
			productName = FirebaseAnalyticsOnDeviceConversion;
		};
		DE0020CE2D414BD9003A273F /* FirebaseAnalyticsWithoutAdIdSupport */ = {
			isa = XCSwiftPackageProductDependency;
			package = DE0020C92D414BD9003A273F /* XCRemoteSwiftPackageReference "firebase-ios-sdk" */;
			productName = FirebaseAnalyticsWithoutAdIdSupport;
		};
		DE0020D02D414BD9003A273F /* FirebaseAppCheck */ = {
			isa = XCSwiftPackageProductDependency;
			package = DE0020C92D414BD9003A273F /* XCRemoteSwiftPackageReference "firebase-ios-sdk" */;
			productName = FirebaseAppCheck;
		};
		DE0020D22D414BD9003A273F /* FirebaseAppDistribution-Beta */ = {
			isa = XCSwiftPackageProductDependency;
			package = DE0020C92D414BD9003A273F /* XCRemoteSwiftPackageReference "firebase-ios-sdk" */;
			productName = "FirebaseAppDistribution-Beta";
		};
		DE0020D82D420F0E003A273F /* FirebaseAuth */ = {
			isa = XCSwiftPackageProductDependency;
			package = DE0020C92D414BD9003A273F /* XCRemoteSwiftPackageReference "firebase-ios-sdk" */;
			productName = FirebaseAuth;
		};
		DE0020DA2D420F0E003A273F /* FirebaseCore */ = {
			isa = XCSwiftPackageProductDependency;
			package = DE0020C92D414BD9003A273F /* XCRemoteSwiftPackageReference "firebase-ios-sdk" */;
			productName = FirebaseCore;
		};
		DE0020DC2D420F3B003A273F /* FirebaseFirestore */ = {
			isa = XCSwiftPackageProductDependency;
			package = DE0020C92D414BD9003A273F /* XCRemoteSwiftPackageReference "firebase-ios-sdk" */;
			productName = FirebaseFirestore;
		};
		DE00212C2D433D7F003A273F /* NMapsMap */ = {
			isa = XCSwiftPackageProductDependency;
			package = DE00212B2D433D7F003A273F /* XCRemoteSwiftPackageReference "SPM-NMapsMap" */;
			productName = NMapsMap;
		};
		FFC8DAFA2D50DDE30094B687 /* FloatingPanel */ = {
			isa = XCSwiftPackageProductDependency;
			package = FFC8DAF92D50DDE30094B687 /* XCRemoteSwiftPackageReference "FloatingPanel" */;
			productName = FloatingPanel;
		};
/* End XCSwiftPackageProductDependency section */
	};
	rootObject = 0E98E9CD2D2D009D006F25EF /* Project object */;
}
